
Microsoft Visual Studio Solution File, Format Version 12.00
# Visual Studio Version 17
VisualStudioVersion = 17.13.35825.156 d17.13
MinimumVisualStudioVersion = 10.0.40219.1
Project("{FAE04EC0-301F-11D3-BF4B-00C04F79EFBC}") = "JOMonitoringApp", "JOMonitoringApp\JOMonitoringApp.csproj", "{4D65EC30-047C-4C98-AB52-083E01B20E90}"
EndProject
Project("{54435603-DBB4-11D2-8724-00A0C9A8B90C}") = "JOMonitoring", "Installer\Installer.vdproj", "{52B20422-474D-5734-629F-99A1F7DE9787}"
EndProject
Global
	GlobalSection(SolutionConfigurationPlatforms) = preSolution
		Debug|Any CPU = Debug|Any CPU
		Release|Any CPU = Release|Any CPU
	EndGlobalSection
	GlobalSection(ProjectConfigurationPlatforms) = postSolution
		{4D65EC30-047C-4C98-AB52-083E01B20E90}.Debug|Any CPU.ActiveCfg = Debug|Any CPU
		{4D65EC30-047C-4C98-AB52-083E01B20E90}.Debug|Any CPU.Build.0 = Debug|Any CPU
		{4D65EC30-047C-4C98-AB52-083E01B20E90}.Release|Any CPU.ActiveCfg = Release|Any CPU
		{4D65EC30-047C-4C98-AB52-083E01B20E90}.Release|Any CPU.Build.0 = Release|Any CPU
		{52B20422-474D-5734-629F-99A1F7DE9787}.Debug|Any CPU.ActiveCfg = Debug
		{52B20422-474D-5734-629F-99A1F7DE9787}.Release|Any CPU.ActiveCfg = Release
	EndGlobalSection
	GlobalSection(SolutionProperties) = preSolution
		HideSolutionNode = FALSE
	EndGlobalSection
	GlobalSection(ExtensibilityGlobals) = postSolution
		SolutionGuid = {C7363948-D431-4069-BB8D-6D361E595F2A}
	EndGlobalSection
EndGlobal
